<?xml version="1.0" encoding="utf-8"?>
<Project ToolsVersion="4.0" xmlns="http://schemas.microsoft.com/developer/msbuild/2003">
  <ItemGroup>
    <Filter Include="소스 파일">
      <UniqueIdentifier>{4FC737F1-C7A5-4376-A066-2A32D752A2FF}</UniqueIdentifier>
      <Extensions>cpp;c;cc;cxx;c++;cppm;ixx;def;odl;idl;hpj;bat;asm;asmx</Extensions>
    </Filter>
    <Filter Include="헤더 파일">
      <UniqueIdentifier>{93995380-89BD-4b04-88EB-625FBE52EBFB}</UniqueIdentifier>
      <Extensions>h;hh;hpp;hxx;h++;hm;inl;inc;ipp;xsd</Extensions>
    </Filter>
    <Filter Include="리소스 파일">
      <UniqueIdentifier>{67DA6AB6-F800-4c08-8B7A-83BB121AAD01}</UniqueIdentifier>
      <Extensions>rc;ico;cur;bmp;dlg;rc2;rct;bin;rgs;gif;jpg;jpeg;jpe;resx;tiff;tif;png;wav;mfcribbon-ms</Extensions>
    </Filter>
    <Filter Include="Etc">
      <UniqueIdentifier>{36394830-d1cf-469e-98fc-c286268a83a1}</UniqueIdentifier>
    </Filter>
    <Filter Include="MainGame">
      <UniqueIdentifier>{25dd8505-125d-4451-b07c-22d3e0f34513}</UniqueIdentifier>
    </Filter>
    <Filter Include="Object">
      <UniqueIdentifier>{06be3065-7400-44e4-ac22-696e0de19656}</UniqueIdentifier>
    </Filter>
    <Filter Include="Player">
      <UniqueIdentifier>{608ec2db-4f14-4aa1-9f17-a21bff46551a}</UniqueIdentifier>
    </Filter>
    <Filter Include="전사스킬">
      <UniqueIdentifier>{249ed986-f381-455e-8678-c9bcb2687251}</UniqueIdentifier>
    </Filter>
    <Filter Include="전사스킬\1차스킬">
      <UniqueIdentifier>{040fe066-3c46-42b6-b15d-323d4d05b7d1}</UniqueIdentifier>
    </Filter>
    <Filter Include="통합스킬">
      <UniqueIdentifier>{00abe3fb-712c-4669-a520-909d923982b8}</UniqueIdentifier>
    </Filter>
    <Filter Include="마법사스킬">
      <UniqueIdentifier>{7a8a230b-11e4-4ad9-871a-9f90c4c0a6b4}</UniqueIdentifier>
    </Filter>
    <Filter Include="마법사스킬\1차스킬">
      <UniqueIdentifier>{03d30463-25dd-4da4-97ba-706c1917abd1}</UniqueIdentifier>
    </Filter>
    <Filter Include="도적스킬">
      <UniqueIdentifier>{4ef2d053-8b47-480a-a8d3-ee09b4815773}</UniqueIdentifier>
    </Filter>
    <Filter Include="도적스킬\1차스킬">
      <UniqueIdentifier>{5f4a8686-0b75-485a-ad64-70643b3f7f1e}</UniqueIdentifier>
    </Filter>
    <Filter Include="Enemy">
      <UniqueIdentifier>{e43faec5-aad1-4531-8538-cc8d40abd507}</UniqueIdentifier>
    </Filter>
    <Filter Include="Enemy\헤네시스">
      <UniqueIdentifier>{b0deeaeb-6a1c-4335-8e45-1408138cba5a}</UniqueIdentifier>
    </Filter>
  </ItemGroup>
  <ItemGroup>
    <ClCompile Include="텍스트알피지(클래스).cpp">
      <Filter>소스 파일</Filter>
    </ClCompile>
    <ClCompile Include="pch.cpp">
      <Filter>소스 파일</Filter>
    </ClCompile>
    <ClCompile Include="CMainGame.cpp">
      <Filter>MainGame</Filter>
    </ClCompile>
    <ClCompile Include="CObject.cpp">
      <Filter>Object</Filter>
    </ClCompile>
    <ClCompile Include="CPlayer.cpp">
      <Filter>Player</Filter>
    </ClCompile>
    <ClCompile Include="WarriorSkill.cpp">
      <Filter>전사스킬</Filter>
    </ClCompile>
    <ClCompile Include="W1_PowerStrike.cpp">
      <Filter>전사스킬\1차스킬</Filter>
    </ClCompile>
    <ClCompile Include="W0_BasicSkill.cpp">
      <Filter>통합스킬</Filter>
    </ClCompile>
    <ClCompile Include="M1_MagicClaw.cpp">
      <Filter>마법사스킬\1차스킬</Filter>
    </ClCompile>
    <ClCompile Include="MagicianSkill.cpp">
      <Filter>마법사스킬</Filter>
    </ClCompile>
    <ClCompile Include="Skill.cpp">
      <Filter>통합스킬</Filter>
    </ClCompile>
    <ClCompile Include="ThiefSkill.cpp">
      <Filter>도적스킬</Filter>
    </ClCompile>
    <ClCompile Include="T1_LuckySeven.cpp">
      <Filter>도적스킬\1차스킬</Filter>
    </ClCompile>
    <ClCompile Include="CEnemy.cpp">
      <Filter>Enemy</Filter>
    </ClCompile>
    <ClCompile Include="CEnemy_Slime.cpp">
      <Filter>Enemy\헤네시스</Filter>
    </ClCompile>
    <ClCompile Include="CEnemy_RibbonPig.cpp">
      <Filter>Enemy\헤네시스</Filter>
    </ClCompile>
    <ClCompile Include="CEnemy_MushMom.cpp">
      <Filter>Enemy\헤네시스</Filter>
    </ClCompile>
  </ItemGroup>
  <ItemGroup>
    <ClInclude Include="pch.h">
      <Filter>헤더 파일</Filter>
    </ClInclude>
    <ClInclude Include="Define.h">
      <Filter>헤더 파일</Filter>
    </ClInclude>
    <ClInclude Include="CMainGame.h">
      <Filter>MainGame</Filter>
    </ClInclude>
    <ClInclude Include="CObject.h">
      <Filter>Object</Filter>
    </ClInclude>
    <ClInclude Include="CPlayer.h">
      <Filter>Player</Filter>
    </ClInclude>
    <ClInclude Include="WarriorSkill.h">
      <Filter>전사스킬</Filter>
    </ClInclude>
    <ClInclude Include="W1_PowerStrike.h">
      <Filter>전사스킬\1차스킬</Filter>
    </ClInclude>
    <ClInclude Include="W0_BasicSkill.h">
      <Filter>통합스킬</Filter>
    </ClInclude>
    <ClInclude Include="MagicianSkill.h">
      <Filter>마법사스킬</Filter>
    </ClInclude>
    <ClInclude Include="Skill.h">
      <Filter>통합스킬</Filter>
    </ClInclude>
    <ClInclude Include="M1_MagicClaw.h">
      <Filter>마법사스킬</Filter>
    </ClInclude>
    <ClInclude Include="ThiefSkill.h">
      <Filter>도적스킬</Filter>
    </ClInclude>
    <ClInclude Include="T1_LuckySeven.h">
      <Filter>도적스킬\1차스킬</Filter>
    </ClInclude>
    <ClInclude Include="pch_Skill.h">
      <Filter>헤더 파일</Filter>
    </ClInclude>
    <ClInclude Include="CEnemy.h">
      <Filter>Enemy</Filter>
    </ClInclude>
    <ClInclude Include="CEnemy_Slime.h">
      <Filter>Enemy\헤네시스</Filter>
    </ClInclude>
    <ClInclude Include="CEnemy_RibbonPig.h">
      <Filter>Enemy\헤네시스</Filter>
    </ClInclude>
    <ClInclude Include="pch_Monster.h">
      <Filter>헤더 파일</Filter>
    </ClInclude>
    <ClInclude Include="CEnemy_MushMom.h">
      <Filter>Enemy\헤네시스</Filter>
    </ClInclude>
  </ItemGroup>
</Project>