<?xml version="1.0" encoding="utf-8"?>
<Project ToolsVersion="4.0" xmlns="http://schemas.microsoft.com/developer/msbuild/2003">
  <ItemGroup>
    <Filter Include="소스 파일">
      <UniqueIdentifier>{4FC737F1-C7A5-4376-A066-2A32D752A2FF}</UniqueIdentifier>
      <Extensions>cpp;c;cc;cxx;c++;cppm;ixx;def;odl;idl;hpj;bat;asm;asmx</Extensions>
    </Filter>
    <Filter Include="헤더 파일">
      <UniqueIdentifier>{93995380-89BD-4b04-88EB-625FBE52EBFB}</UniqueIdentifier>
      <Extensions>h;hh;hpp;hxx;h++;hm;inl;inc;ipp;xsd</Extensions>
    </Filter>
    <Filter Include="리소스 파일">
      <UniqueIdentifier>{67DA6AB6-F800-4c08-8B7A-83BB121AAD01}</UniqueIdentifier>
      <Extensions>rc;ico;cur;bmp;dlg;rc2;rct;bin;rgs;gif;jpg;jpeg;jpe;resx;tiff;tif;png;wav;mfcribbon-ms</Extensions>
    </Filter>
    <Filter Include="Etc">
      <UniqueIdentifier>{36394830-d1cf-469e-98fc-c286268a83a1}</UniqueIdentifier>
    </Filter>
    <Filter Include="MainGame">
      <UniqueIdentifier>{25dd8505-125d-4451-b07c-22d3e0f34513}</UniqueIdentifier>
    </Filter>
    <Filter Include="Object">
      <UniqueIdentifier>{06be3065-7400-44e4-ac22-696e0de19656}</UniqueIdentifier>
    </Filter>
    <Filter Include="통합스킬">
      <UniqueIdentifier>{00abe3fb-712c-4669-a520-909d923982b8}</UniqueIdentifier>
    </Filter>
    <Filter Include="상점">
      <UniqueIdentifier>{e799f4c2-8207-4e82-9d78-8cb58bbc337f}</UniqueIdentifier>
    </Filter>
    <Filter Include="상점\초급상점">
      <UniqueIdentifier>{b638b35c-8b26-4871-bb4c-3192ffa862e3}</UniqueIdentifier>
    </Filter>
    <Filter Include="CBaseThing">
      <UniqueIdentifier>{968f530f-b1e8-4f05-8269-ca151d604f88}</UniqueIdentifier>
    </Filter>
    <Filter Include="CBaseThing\CWeapon">
      <UniqueIdentifier>{024d8ea6-38a1-47ab-af81-f29aba7263af}</UniqueIdentifier>
    </Filter>
    <Filter Include="CBaseThing\CWeapon\초급무기">
      <UniqueIdentifier>{67a102e8-aacb-4c4f-887b-3ce02d1b3bc7}</UniqueIdentifier>
    </Filter>
    <Filter Include="CBaseThing\CArmor">
      <UniqueIdentifier>{623bf21e-5056-4c54-8a1d-161a1b56f20e}</UniqueIdentifier>
    </Filter>
    <Filter Include="CBaseThing\CArmor\초급방어구">
      <UniqueIdentifier>{b6d452de-7b82-450b-869b-8dac33229423}</UniqueIdentifier>
    </Filter>
    <Filter Include="통합스킬\전사스킬">
      <UniqueIdentifier>{249ed986-f381-455e-8678-c9bcb2687251}</UniqueIdentifier>
    </Filter>
    <Filter Include="통합스킬\전사스킬\1차스킬">
      <UniqueIdentifier>{040fe066-3c46-42b6-b15d-323d4d05b7d1}</UniqueIdentifier>
    </Filter>
    <Filter Include="통합스킬\마법사스킬">
      <UniqueIdentifier>{7a8a230b-11e4-4ad9-871a-9f90c4c0a6b4}</UniqueIdentifier>
    </Filter>
    <Filter Include="통합스킬\마법사스킬\1차스킬">
      <UniqueIdentifier>{03d30463-25dd-4da4-97ba-706c1917abd1}</UniqueIdentifier>
    </Filter>
    <Filter Include="통합스킬\도적스킬">
      <UniqueIdentifier>{4ef2d053-8b47-480a-a8d3-ee09b4815773}</UniqueIdentifier>
    </Filter>
    <Filter Include="통합스킬\도적스킬\1차스킬">
      <UniqueIdentifier>{5f4a8686-0b75-485a-ad64-70643b3f7f1e}</UniqueIdentifier>
    </Filter>
    <Filter Include="Object\Player">
      <UniqueIdentifier>{608ec2db-4f14-4aa1-9f17-a21bff46551a}</UniqueIdentifier>
    </Filter>
    <Filter Include="Object\Enemy">
      <UniqueIdentifier>{e43faec5-aad1-4531-8538-cc8d40abd507}</UniqueIdentifier>
    </Filter>
    <Filter Include="Object\Enemy\헤네시스">
      <UniqueIdentifier>{b0deeaeb-6a1c-4335-8e45-1408138cba5a}</UniqueIdentifier>
    </Filter>
    <Filter Include="CInventory">
      <UniqueIdentifier>{6b9e56d7-5ee2-41ae-a28b-a64be888b5c8}</UniqueIdentifier>
    </Filter>
    <Filter Include="CBaseThing\CPotion">
      <UniqueIdentifier>{f8a70e19-76b2-43fa-b3ec-55f0981c7999}</UniqueIdentifier>
    </Filter>
    <Filter Include="CBaseThing\CPotion\초급포션">
      <UniqueIdentifier>{0c30d889-7983-4562-9c8e-ec8306c4f1c5}</UniqueIdentifier>
    </Filter>
    <Filter Include="CBehave">
      <UniqueIdentifier>{e51bdce5-724d-4fa8-80a7-34d630eaaf4e}</UniqueIdentifier>
    </Filter>
    <Filter Include="CBehave\CBuy">
      <UniqueIdentifier>{81a22274-b493-4345-b826-c9857210d449}</UniqueIdentifier>
    </Filter>
    <Filter Include="CBehave\CUseItem">
      <UniqueIdentifier>{f882e200-0718-4301-8da8-b591a3203b50}</UniqueIdentifier>
    </Filter>
    <Filter Include="CInventory\아이템 인벤토리">
      <UniqueIdentifier>{2fca397c-c362-4890-beed-ff268ee607d0}</UniqueIdentifier>
    </Filter>
    <Filter Include="CInventory\장비 인벤토리">
      <UniqueIdentifier>{beb62ca7-b452-469c-8599-d8a621155de9}</UniqueIdentifier>
    </Filter>
    <Filter Include="CBaseThing\CWeapon\중급무기">
      <UniqueIdentifier>{35830ab9-c9db-40cd-87ab-eaa9d683964e}</UniqueIdentifier>
    </Filter>
    <Filter Include="CBaseThing\CArmor\중급방어구">
      <UniqueIdentifier>{12910de3-8cda-4345-8bfd-0527f9e09c68}</UniqueIdentifier>
    </Filter>
    <Filter Include="CBaseThing\CPotion\중급포션">
      <UniqueIdentifier>{fe51c03c-cf21-45e0-a312-baa64bd21192}</UniqueIdentifier>
    </Filter>
    <Filter Include="상점\중급상점">
      <UniqueIdentifier>{3a3828bf-ef67-480e-9f62-27d868dd0d19}</UniqueIdentifier>
    </Filter>
    <Filter Include="Main">
      <UniqueIdentifier>{528e582c-f0f9-42c2-ad8a-3edd41d86f12}</UniqueIdentifier>
    </Filter>
    <Filter Include="CBehave\CUnequip">
      <UniqueIdentifier>{401b0cbf-c715-437a-8319-83d3f26a6927}</UniqueIdentifier>
    </Filter>
    <Filter Include="CBehave\CSell">
      <UniqueIdentifier>{8d8a9882-ea37-4cc7-adca-f5158e370ff7}</UniqueIdentifier>
    </Filter>
    <Filter Include="CBehave\CBehaveManager">
      <UniqueIdentifier>{90355090-20f4-4c2e-95e8-afa22d6edd69}</UniqueIdentifier>
    </Filter>
    <Filter Include="CBehave\CFight">
      <UniqueIdentifier>{66ed2f71-7399-46f2-8dc0-c15f88d53bd2}</UniqueIdentifier>
    </Filter>
  </ItemGroup>
  <ItemGroup>
    <ClCompile Include="BaseThing\CBaseThing.cpp">
      <Filter>CBaseThing</Filter>
    </ClCompile>
    <ClCompile Include="BaseThing\방어구\CTier2Armor.cpp">
      <Filter>CBaseThing\CArmor\중급방어구</Filter>
    </ClCompile>
    <ClCompile Include="BaseThing\방어구\CTier3Armor.cpp">
      <Filter>CBaseThing\CArmor\초급방어구</Filter>
    </ClCompile>
    <ClCompile Include="BaseThing\포션\CTier3Potion.cpp">
      <Filter>CBaseThing\CPotion\초급포션</Filter>
    </ClCompile>
    <ClCompile Include="BaseThing\포션\CTier2Potion.cpp">
      <Filter>CBaseThing\CPotion\중급포션</Filter>
    </ClCompile>
    <ClCompile Include="BaseThing\포션\CBasePotion.cpp">
      <Filter>CBaseThing\CPotion</Filter>
    </ClCompile>
    <ClCompile Include="BaseThing\무기\CTier2Weapon.cpp">
      <Filter>CBaseThing\CWeapon\중급무기</Filter>
    </ClCompile>
    <ClCompile Include="BaseThing\무기\CTier3Weapon.cpp">
      <Filter>CBaseThing\CWeapon\초급무기</Filter>
    </ClCompile>
    <ClCompile Include="BaseThing\무기\CBaseWeapon.cpp">
      <Filter>CBaseThing\CWeapon</Filter>
    </ClCompile>
    <ClCompile Include="Behave\CBehave.cpp">
      <Filter>CBehave</Filter>
    </ClCompile>
    <ClCompile Include="Behave\Buy\CBehave_Buy.cpp">
      <Filter>CBehave\CBuy</Filter>
    </ClCompile>
    <ClCompile Include="Behave\ItemUse\CBehave_ItemUse.cpp">
      <Filter>CBehave\CUseItem</Filter>
    </ClCompile>
    <ClCompile Include="Inventory\EquipmentInventory\CEquipmentInventory.cpp">
      <Filter>CInventory\장비 인벤토리</Filter>
    </ClCompile>
    <ClCompile Include="Inventory\ItemInventory\CPlayerInventory.cpp">
      <Filter>CInventory\아이템 인벤토리</Filter>
    </ClCompile>
    <ClCompile Include="Inventory\CBaseInventory.cpp">
      <Filter>CInventory</Filter>
    </ClCompile>
    <ClCompile Include="GameManager\CMainGame.cpp">
      <Filter>MainGame</Filter>
    </ClCompile>
    <ClCompile Include="Object\Enemy\헤네시스\CEnemy_MushMom.cpp">
      <Filter>Object\Enemy\헤네시스</Filter>
    </ClCompile>
    <ClCompile Include="Object\Enemy\헤네시스\CEnemy_RibbonPig.cpp">
      <Filter>Object\Enemy\헤네시스</Filter>
    </ClCompile>
    <ClCompile Include="Object\Enemy\헤네시스\CEnemy_Slime.cpp">
      <Filter>Object\Enemy\헤네시스</Filter>
    </ClCompile>
    <ClCompile Include="Object\Enemy\CEnemy.cpp">
      <Filter>Object\Enemy</Filter>
    </ClCompile>
    <ClCompile Include="Object\Player\CPlayer.cpp">
      <Filter>Object\Player</Filter>
    </ClCompile>
    <ClCompile Include="Object\CObject.cpp">
      <Filter>Object</Filter>
    </ClCompile>
    <ClCompile Include="Main\텍스트알피지(클래스).cpp">
      <Filter>Main</Filter>
    </ClCompile>
    <ClCompile Include="Skills\도적스킬\1차스킬\T1_LuckySeven.cpp">
      <Filter>통합스킬\도적스킬\1차스킬</Filter>
    </ClCompile>
    <ClCompile Include="Skills\도적스킬\ThiefSkill.cpp">
      <Filter>통합스킬\도적스킬</Filter>
    </ClCompile>
    <ClCompile Include="Skills\마법사스킬\1차스킬\M1_MagicClaw.cpp">
      <Filter>통합스킬\마법사스킬\1차스킬</Filter>
    </ClCompile>
    <ClCompile Include="Skills\마법사스킬\MagicianSkill.cpp">
      <Filter>통합스킬\마법사스킬</Filter>
    </ClCompile>
    <ClCompile Include="Skills\전사스킬\1차스킬\W1_PowerStrike.cpp">
      <Filter>통합스킬\전사스킬\1차스킬</Filter>
    </ClCompile>
    <ClCompile Include="Skills\전사스킬\WarriorSkill.cpp">
      <Filter>통합스킬\전사스킬</Filter>
    </ClCompile>
    <ClCompile Include="Skills\Skill.cpp">
      <Filter>통합스킬</Filter>
    </ClCompile>
    <ClCompile Include="Skills\W0_BasicSkill.cpp">
      <Filter>통합스킬</Filter>
    </ClCompile>
    <ClCompile Include="shop\CBaseShop.cpp">
      <Filter>상점</Filter>
    </ClCompile>
    <ClCompile Include="shop\CTier2Shop.cpp">
      <Filter>상점\중급상점</Filter>
    </ClCompile>
    <ClCompile Include="shop\CTier3Shop.cpp">
      <Filter>상점\초급상점</Filter>
    </ClCompile>
    <ClCompile Include="Source\pch.cpp">
      <Filter>소스 파일</Filter>
    </ClCompile>
    <ClCompile Include="Behave\Unequip\CBehave_Unequip.cpp">
      <Filter>CBehave\CUnequip</Filter>
    </ClCompile>
    <ClCompile Include="Behave\Sell\CBehave_Sell.cpp">
      <Filter>CBehave\CSell</Filter>
    </ClCompile>
    <ClCompile Include="Behave\BehaveManager\CBehaveManager.cpp">
      <Filter>CBehave\CBehaveManager</Filter>
    </ClCompile>
    <ClCompile Include="Behave\Fight\CBehave_Fight.cpp">
      <Filter>CBehave\CFight</Filter>
    </ClCompile>
    <ClCompile Include="BaseThing\방어구\CBaseArmor.cpp">
      <Filter>CBaseThing\CArmor</Filter>
    </ClCompile>
  </ItemGroup>
  <ItemGroup>
    <ClInclude Include="BaseThing\CBaseThing.h">
      <Filter>CBaseThing</Filter>
    </ClInclude>
    <ClInclude Include="BaseThing\방어구\CTier2Armor.h">
      <Filter>CBaseThing\CArmor\중급방어구</Filter>
    </ClInclude>
    <ClInclude Include="BaseThing\방어구\CTier3Armor.h">
      <Filter>CBaseThing\CArmor\초급방어구</Filter>
    </ClInclude>
    <ClInclude Include="BaseThing\방어구\CBaseArmor.h">
      <Filter>CBaseThing\CArmor</Filter>
    </ClInclude>
    <ClInclude Include="BaseThing\포션\CTier3Potion.h">
      <Filter>CBaseThing\CPotion\초급포션</Filter>
    </ClInclude>
    <ClInclude Include="BaseThing\포션\CTier2Potion.h">
      <Filter>CBaseThing\CPotion\중급포션</Filter>
    </ClInclude>
    <ClInclude Include="BaseThing\포션\CBasePotion.h">
      <Filter>CBaseThing\CPotion</Filter>
    </ClInclude>
    <ClInclude Include="BaseThing\무기\CTier2Weapon.h">
      <Filter>CBaseThing\CWeapon\중급무기</Filter>
    </ClInclude>
    <ClInclude Include="BaseThing\무기\CTier3Weapon.h">
      <Filter>CBaseThing\CWeapon\초급무기</Filter>
    </ClInclude>
    <ClInclude Include="BaseThing\무기\CBaseWeapon.h">
      <Filter>CBaseThing\CWeapon</Filter>
    </ClInclude>
    <ClInclude Include="Behave\CBehave.h">
      <Filter>CBehave</Filter>
    </ClInclude>
    <ClInclude Include="Behave\Buy\CBehave_Buy.h">
      <Filter>CBehave\CBuy</Filter>
    </ClInclude>
    <ClInclude Include="Behave\ItemUse\CBehave_ItemUse.h">
      <Filter>CBehave\CUseItem</Filter>
    </ClInclude>
    <ClInclude Include="Inventory\EquipmentInventory\CEquipmentInventory.h">
      <Filter>CInventory\장비 인벤토리</Filter>
    </ClInclude>
    <ClInclude Include="Inventory\ItemInventory\CPlayerInventory.h">
      <Filter>CInventory\아이템 인벤토리</Filter>
    </ClInclude>
    <ClInclude Include="Inventory\CBaseInventory.h">
      <Filter>CInventory</Filter>
    </ClInclude>
    <ClInclude Include="GameManager\CMainGame.h">
      <Filter>MainGame</Filter>
    </ClInclude>
    <ClInclude Include="Object\Enemy\헤네시스\CEnemy_MushMom.h">
      <Filter>Object\Enemy\헤네시스</Filter>
    </ClInclude>
    <ClInclude Include="Object\Enemy\헤네시스\CEnemy_RibbonPig.h">
      <Filter>Object\Enemy\헤네시스</Filter>
    </ClInclude>
    <ClInclude Include="Object\Enemy\헤네시스\CEnemy_Slime.h">
      <Filter>Object\Enemy\헤네시스</Filter>
    </ClInclude>
    <ClInclude Include="Object\Enemy\CEnemy.h">
      <Filter>Object\Enemy</Filter>
    </ClInclude>
    <ClInclude Include="Object\Player\CPlayer.h">
      <Filter>Object\Player</Filter>
    </ClInclude>
    <ClInclude Include="Object\CObject.h">
      <Filter>Object</Filter>
    </ClInclude>
    <ClInclude Include="Skills\도적스킬\1차스킬\T1_LuckySeven.h">
      <Filter>통합스킬\도적스킬\1차스킬</Filter>
    </ClInclude>
    <ClInclude Include="Skills\도적스킬\ThiefSkill.h">
      <Filter>통합스킬\도적스킬</Filter>
    </ClInclude>
    <ClInclude Include="Skills\마법사스킬\1차스킬\M1_MagicClaw.h">
      <Filter>통합스킬\마법사스킬\1차스킬</Filter>
    </ClInclude>
    <ClInclude Include="Skills\마법사스킬\MagicianSkill.h">
      <Filter>통합스킬\마법사스킬</Filter>
    </ClInclude>
    <ClInclude Include="Skills\전사스킬\1차스킬\W1_PowerStrike.h">
      <Filter>통합스킬\전사스킬\1차스킬</Filter>
    </ClInclude>
    <ClInclude Include="Skills\전사스킬\WarriorSkill.h">
      <Filter>통합스킬\전사스킬</Filter>
    </ClInclude>
    <ClInclude Include="Skills\Skill.h">
      <Filter>통합스킬</Filter>
    </ClInclude>
    <ClInclude Include="Skills\W0_BasicSkill.h">
      <Filter>통합스킬</Filter>
    </ClInclude>
    <ClInclude Include="shop\CBaseShop.h">
      <Filter>상점</Filter>
    </ClInclude>
    <ClInclude Include="shop\CTier2Shop.h">
      <Filter>상점\중급상점</Filter>
    </ClInclude>
    <ClInclude Include="shop\CTier3Shop.h">
      <Filter>상점\초급상점</Filter>
    </ClInclude>
    <ClInclude Include="Header\pch.h">
      <Filter>헤더 파일</Filter>
    </ClInclude>
    <ClInclude Include="Header\pch_Monster.h">
      <Filter>헤더 파일</Filter>
    </ClInclude>
    <ClInclude Include="Header\pch_Skill.h">
      <Filter>헤더 파일</Filter>
    </ClInclude>
    <ClInclude Include="Header\Define.h">
      <Filter>헤더 파일</Filter>
    </ClInclude>
    <ClInclude Include="Behave\Unequip\CBehave_Unequip.h">
      <Filter>CBehave\CUnequip</Filter>
    </ClInclude>
    <ClInclude Include="Behave\Sell\CBehave_Sell.h">
      <Filter>CBehave\CSell</Filter>
    </ClInclude>
    <ClInclude Include="Behave\BehaveManager\CBehaveManager.h">
      <Filter>CBehave\CBehaveManager</Filter>
    </ClInclude>
    <ClInclude Include="Behave\Fight\CBehave_Fight.h">
      <Filter>CBehave\CFight</Filter>
    </ClInclude>
  </ItemGroup>
  <ItemGroup>
    <None Include="Main\텍스트알피지(클래스).vcxproj">
      <Filter>Main</Filter>
    </None>
  </ItemGroup>
</Project>