
Microsoft Visual Studio Solution File, Format Version 12.00
# Visual Studio Version 17
VisualStudioVersion = 17.5.33627.172
MinimumVisualStudioVersion = 10.0.40219.1
Project("{8BC9CEB8-8B4A-11D0-8D11-00A0C91BC942}") = "텍스트알피지(클래스)", "텍스트알피지(클래스)\텍스트알피지(클래스).vcxproj", "{D8F5F7F2-3B89-421B-89BE-31A8620EE420}"
EndProject
Project("{2150E333-8FDC-42A3-9474-1A3956D46DE8}") = "솔루션 항목", "솔루션 항목", "{EC05BA33-1067-4582-9D0D-BECAF7557F28}"
	ProjectSection(SolutionItems) = preProject
		텍스트알피지(클래스)\BaseThing\방어구\CBaseArmor.cpp = 텍스트알피지(클래스)\BaseThing\방어구\CBaseArmor.cpp
		텍스트알피지(클래스)\BaseThing\방어구\CBaseArmor.h = 텍스트알피지(클래스)\BaseThing\방어구\CBaseArmor.h
		텍스트알피지(클래스)\Inventory\CBaseInventory.cpp = 텍스트알피지(클래스)\Inventory\CBaseInventory.cpp
		텍스트알피지(클래스)\Inventory\CBaseInventory.h = 텍스트알피지(클래스)\Inventory\CBaseInventory.h
		텍스트알피지(클래스)\BaseThing\포션\CBasePotion.cpp = 텍스트알피지(클래스)\BaseThing\포션\CBasePotion.cpp
		텍스트알피지(클래스)\BaseThing\포션\CBasePotion.h = 텍스트알피지(클래스)\BaseThing\포션\CBasePotion.h
		텍스트알피지(클래스)\shop\CBaseShop.cpp = 텍스트알피지(클래스)\shop\CBaseShop.cpp
		텍스트알피지(클래스)\shop\CBaseShop.h = 텍스트알피지(클래스)\shop\CBaseShop.h
		텍스트알피지(클래스)\BaseThing\CBaseThing.cpp = 텍스트알피지(클래스)\BaseThing\CBaseThing.cpp
		텍스트알피지(클래스)\BaseThing\CBaseThing.h = 텍스트알피지(클래스)\BaseThing\CBaseThing.h
		텍스트알피지(클래스)\BaseThing\무기\CBaseWeapon.cpp = 텍스트알피지(클래스)\BaseThing\무기\CBaseWeapon.cpp
		텍스트알피지(클래스)\BaseThing\무기\CBaseWeapon.h = 텍스트알피지(클래스)\BaseThing\무기\CBaseWeapon.h
		텍스트알피지(클래스)\Behave\CBehave.cpp = 텍스트알피지(클래스)\Behave\CBehave.cpp
		텍스트알피지(클래스)\Behave\CBehave.h = 텍스트알피지(클래스)\Behave\CBehave.h
		텍스트알피지(클래스)\Behave\BehaveManager\CBehaveManager.cpp = 텍스트알피지(클래스)\Behave\BehaveManager\CBehaveManager.cpp
		텍스트알피지(클래스)\Behave\BehaveManager\CBehaveManager.h = 텍스트알피지(클래스)\Behave\BehaveManager\CBehaveManager.h
		텍스트알피지(클래스)\Behave\Buy\CBehave_Buy.cpp = 텍스트알피지(클래스)\Behave\Buy\CBehave_Buy.cpp
		텍스트알피지(클래스)\Behave\Buy\CBehave_Buy.h = 텍스트알피지(클래스)\Behave\Buy\CBehave_Buy.h
		텍스트알피지(클래스)\Behave\Fight\CBehave_Fight.cpp = 텍스트알피지(클래스)\Behave\Fight\CBehave_Fight.cpp
		텍스트알피지(클래스)\Behave\Fight\CBehave_Fight.h = 텍스트알피지(클래스)\Behave\Fight\CBehave_Fight.h
		텍스트알피지(클래스)\Behave\ItemUse\CBehave_ItemUse.cpp = 텍스트알피지(클래스)\Behave\ItemUse\CBehave_ItemUse.cpp
		텍스트알피지(클래스)\Behave\ItemUse\CBehave_ItemUse.h = 텍스트알피지(클래스)\Behave\ItemUse\CBehave_ItemUse.h
		텍스트알피지(클래스)\Behave\Sell\CBehave_Sell.cpp = 텍스트알피지(클래스)\Behave\Sell\CBehave_Sell.cpp
		텍스트알피지(클래스)\Behave\Sell\CBehave_Sell.h = 텍스트알피지(클래스)\Behave\Sell\CBehave_Sell.h
		텍스트알피지(클래스)\Behave\Unequip\CBehave_Unequip.cpp = 텍스트알피지(클래스)\Behave\Unequip\CBehave_Unequip.cpp
		텍스트알피지(클래스)\Behave\Unequip\CBehave_Unequip.h = 텍스트알피지(클래스)\Behave\Unequip\CBehave_Unequip.h
		텍스트알피지(클래스)\Object\Enemy\CEnemy.cpp = 텍스트알피지(클래스)\Object\Enemy\CEnemy.cpp
		텍스트알피지(클래스)\Object\Enemy\CEnemy.h = 텍스트알피지(클래스)\Object\Enemy\CEnemy.h
		텍스트알피지(클래스)\Object\Enemy\헤네시스\CEnemy_MushMom.cpp = 텍스트알피지(클래스)\Object\Enemy\헤네시스\CEnemy_MushMom.cpp
		텍스트알피지(클래스)\Object\Enemy\헤네시스\CEnemy_MushMom.h = 텍스트알피지(클래스)\Object\Enemy\헤네시스\CEnemy_MushMom.h
		텍스트알피지(클래스)\Object\Enemy\헤네시스\CEnemy_RibbonPig.cpp = 텍스트알피지(클래스)\Object\Enemy\헤네시스\CEnemy_RibbonPig.cpp
		텍스트알피지(클래스)\Object\Enemy\헤네시스\CEnemy_RibbonPig.h = 텍스트알피지(클래스)\Object\Enemy\헤네시스\CEnemy_RibbonPig.h
		텍스트알피지(클래스)\Object\Enemy\헤네시스\CEnemy_Slime.cpp = 텍스트알피지(클래스)\Object\Enemy\헤네시스\CEnemy_Slime.cpp
		텍스트알피지(클래스)\Object\Enemy\헤네시스\CEnemy_Slime.h = 텍스트알피지(클래스)\Object\Enemy\헤네시스\CEnemy_Slime.h
		텍스트알피지(클래스)\Inventory\EquipmentInventory\CEquipmentInventory.cpp = 텍스트알피지(클래스)\Inventory\EquipmentInventory\CEquipmentInventory.cpp
		텍스트알피지(클래스)\Inventory\EquipmentInventory\CEquipmentInventory.h = 텍스트알피지(클래스)\Inventory\EquipmentInventory\CEquipmentInventory.h
		텍스트알피지(클래스)\GameManager\CMainGame.cpp = 텍스트알피지(클래스)\GameManager\CMainGame.cpp
		텍스트알피지(클래스)\GameManager\CMainGame.h = 텍스트알피지(클래스)\GameManager\CMainGame.h
		텍스트알피지(클래스)\Object\CObject.cpp = 텍스트알피지(클래스)\Object\CObject.cpp
		텍스트알피지(클래스)\Object\CObject.h = 텍스트알피지(클래스)\Object\CObject.h
		텍스트알피지(클래스)\Object\Player\CPlayer.cpp = 텍스트알피지(클래스)\Object\Player\CPlayer.cpp
		텍스트알피지(클래스)\Object\Player\CPlayer.h = 텍스트알피지(클래스)\Object\Player\CPlayer.h
		텍스트알피지(클래스)\Inventory\ItemInventory\CPlayerInventory.cpp = 텍스트알피지(클래스)\Inventory\ItemInventory\CPlayerInventory.cpp
		텍스트알피지(클래스)\Inventory\ItemInventory\CPlayerInventory.h = 텍스트알피지(클래스)\Inventory\ItemInventory\CPlayerInventory.h
		텍스트알피지(클래스)\BaseThing\방어구\CTier2Armor.cpp = 텍스트알피지(클래스)\BaseThing\방어구\CTier2Armor.cpp
		텍스트알피지(클래스)\BaseThing\방어구\CTier2Armor.h = 텍스트알피지(클래스)\BaseThing\방어구\CTier2Armor.h
		텍스트알피지(클래스)\BaseThing\포션\CTier2Potion.cpp = 텍스트알피지(클래스)\BaseThing\포션\CTier2Potion.cpp
		텍스트알피지(클래스)\BaseThing\포션\CTier2Potion.h = 텍스트알피지(클래스)\BaseThing\포션\CTier2Potion.h
		텍스트알피지(클래스)\shop\CTier2Shop.cpp = 텍스트알피지(클래스)\shop\CTier2Shop.cpp
		텍스트알피지(클래스)\shop\CTier2Shop.h = 텍스트알피지(클래스)\shop\CTier2Shop.h
		텍스트알피지(클래스)\BaseThing\무기\CTier2Weapon.cpp = 텍스트알피지(클래스)\BaseThing\무기\CTier2Weapon.cpp
		텍스트알피지(클래스)\BaseThing\무기\CTier2Weapon.h = 텍스트알피지(클래스)\BaseThing\무기\CTier2Weapon.h
		텍스트알피지(클래스)\BaseThing\방어구\CTier3Armor.cpp = 텍스트알피지(클래스)\BaseThing\방어구\CTier3Armor.cpp
		텍스트알피지(클래스)\BaseThing\방어구\CTier3Armor.h = 텍스트알피지(클래스)\BaseThing\방어구\CTier3Armor.h
		텍스트알피지(클래스)\BaseThing\포션\CTier3Potion.cpp = 텍스트알피지(클래스)\BaseThing\포션\CTier3Potion.cpp
		텍스트알피지(클래스)\BaseThing\포션\CTier3Potion.h = 텍스트알피지(클래스)\BaseThing\포션\CTier3Potion.h
		텍스트알피지(클래스)\shop\CTier3Shop.cpp = 텍스트알피지(클래스)\shop\CTier3Shop.cpp
		텍스트알피지(클래스)\shop\CTier3Shop.h = 텍스트알피지(클래스)\shop\CTier3Shop.h
		텍스트알피지(클래스)\BaseThing\무기\CTier3Weapon.cpp = 텍스트알피지(클래스)\BaseThing\무기\CTier3Weapon.cpp
		텍스트알피지(클래스)\BaseThing\무기\CTier3Weapon.h = 텍스트알피지(클래스)\BaseThing\무기\CTier3Weapon.h
		텍스트알피지(클래스)\Header\Define.h = 텍스트알피지(클래스)\Header\Define.h
		텍스트알피지(클래스)\Skills\마법사스킬\1차스킬\M1_MagicClaw.cpp = 텍스트알피지(클래스)\Skills\마법사스킬\1차스킬\M1_MagicClaw.cpp
		텍스트알피지(클래스)\Skills\마법사스킬\1차스킬\M1_MagicClaw.h = 텍스트알피지(클래스)\Skills\마법사스킬\1차스킬\M1_MagicClaw.h
		텍스트알피지(클래스)\Skills\마법사스킬\MagicianSkill.cpp = 텍스트알피지(클래스)\Skills\마법사스킬\MagicianSkill.cpp
		텍스트알피지(클래스)\Skills\마법사스킬\MagicianSkill.h = 텍스트알피지(클래스)\Skills\마법사스킬\MagicianSkill.h
		텍스트알피지(클래스)\Source\pch.cpp = 텍스트알피지(클래스)\Source\pch.cpp
		텍스트알피지(클래스)\Header\pch.h = 텍스트알피지(클래스)\Header\pch.h
		텍스트알피지(클래스)\Header\pch_Monster.h = 텍스트알피지(클래스)\Header\pch_Monster.h
		텍스트알피지(클래스)\Header\pch_Skill.h = 텍스트알피지(클래스)\Header\pch_Skill.h
		텍스트알피지(클래스)\Skills\Skill.cpp = 텍스트알피지(클래스)\Skills\Skill.cpp
		텍스트알피지(클래스)\Skills\Skill.h = 텍스트알피지(클래스)\Skills\Skill.h
		텍스트알피지(클래스)\Skills\도적스킬\1차스킬\T1_LuckySeven.cpp = 텍스트알피지(클래스)\Skills\도적스킬\1차스킬\T1_LuckySeven.cpp
		텍스트알피지(클래스)\Skills\도적스킬\1차스킬\T1_LuckySeven.h = 텍스트알피지(클래스)\Skills\도적스킬\1차스킬\T1_LuckySeven.h
		텍스트알피지(클래스)\Skills\도적스킬\ThiefSkill.cpp = 텍스트알피지(클래스)\Skills\도적스킬\ThiefSkill.cpp
		텍스트알피지(클래스)\Skills\도적스킬\ThiefSkill.h = 텍스트알피지(클래스)\Skills\도적스킬\ThiefSkill.h
		텍스트알피지(클래스)\Skills\W0_BasicSkill.cpp = 텍스트알피지(클래스)\Skills\W0_BasicSkill.cpp
		텍스트알피지(클래스)\Skills\W0_BasicSkill.h = 텍스트알피지(클래스)\Skills\W0_BasicSkill.h
		텍스트알피지(클래스)\Skills\전사스킬\1차스킬\W1_PowerStrike.cpp = 텍스트알피지(클래스)\Skills\전사스킬\1차스킬\W1_PowerStrike.cpp
		텍스트알피지(클래스)\Skills\전사스킬\1차스킬\W1_PowerStrike.h = 텍스트알피지(클래스)\Skills\전사스킬\1차스킬\W1_PowerStrike.h
		텍스트알피지(클래스)\Skills\전사스킬\WarriorSkill.cpp = 텍스트알피지(클래스)\Skills\전사스킬\WarriorSkill.cpp
		텍스트알피지(클래스)\Skills\전사스킬\WarriorSkill.h = 텍스트알피지(클래스)\Skills\전사스킬\WarriorSkill.h
		텍스트알피지(클래스)\Main\텍스트알피지(클래스).cpp = 텍스트알피지(클래스)\Main\텍스트알피지(클래스).cpp
		텍스트알피지(클래스)\Main\텍스트알피지(클래스).vcxproj = 텍스트알피지(클래스)\Main\텍스트알피지(클래스).vcxproj
	EndProjectSection
EndProject
Global
	GlobalSection(SolutionConfigurationPlatforms) = preSolution
		Debug|x64 = Debug|x64
		Debug|x86 = Debug|x86
		Release|x64 = Release|x64
		Release|x86 = Release|x86
	EndGlobalSection
	GlobalSection(ProjectConfigurationPlatforms) = postSolution
		{D8F5F7F2-3B89-421B-89BE-31A8620EE420}.Debug|x64.ActiveCfg = Debug|x64
		{D8F5F7F2-3B89-421B-89BE-31A8620EE420}.Debug|x64.Build.0 = Debug|x64
		{D8F5F7F2-3B89-421B-89BE-31A8620EE420}.Debug|x86.ActiveCfg = Debug|Win32
		{D8F5F7F2-3B89-421B-89BE-31A8620EE420}.Debug|x86.Build.0 = Debug|Win32
		{D8F5F7F2-3B89-421B-89BE-31A8620EE420}.Release|x64.ActiveCfg = Release|x64
		{D8F5F7F2-3B89-421B-89BE-31A8620EE420}.Release|x64.Build.0 = Release|x64
		{D8F5F7F2-3B89-421B-89BE-31A8620EE420}.Release|x86.ActiveCfg = Release|Win32
		{D8F5F7F2-3B89-421B-89BE-31A8620EE420}.Release|x86.Build.0 = Release|Win32
	EndGlobalSection
	GlobalSection(SolutionProperties) = preSolution
		HideSolutionNode = FALSE
	EndGlobalSection
	GlobalSection(ExtensibilityGlobals) = postSolution
		SolutionGuid = {B0557701-9B79-4DF8-A7A1-E811B5084644}
	EndGlobalSection
EndGlobal
